
Microsoft Visual Studio Solution File, Format Version 12.00
Project("{FAE04EC0-301F-11D3-BF4B-00C04F79EFBC}") = "Marryly.Functions", "Marryly.Functions\Marryly.Functions.csproj", "{26A69868-B64A-4ADE-A6AC-64CBF21AF633}"
EndProject
Project("{FAE04EC0-301F-11D3-BF4B-00C04F79EFBC}") = "Marryly.Application", "Marryly.Application\Marryly.Application.csproj", "{48D251B4-8672-4C53-A0F0-8E24535C510F}"
EndProject
Project("{FAE04EC0-301F-11D3-BF4B-00C04F79EFBC}") = "Marryly.Infrastructure", "Marryly.Infrastructure\Marryly.Infrastructure.csproj", "{8621F8BA-A5CC-4C2F-A02B-6ED8EB8CCED8}"
EndProject
Global
	GlobalSection(SolutionConfigurationPlatforms) = preSolution
		Debug|Any CPU = Debug|Any CPU
		Release|Any CPU = Release|Any CPU
	EndGlobalSection
	GlobalSection(ProjectConfigurationPlatforms) = postSolution
		{26A69868-B64A-4ADE-A6AC-64CBF21AF633}.Debug|Any CPU.ActiveCfg = Debug|Any CPU
		{26A69868-B64A-4ADE-A6AC-64CBF21AF633}.Debug|Any CPU.Build.0 = Debug|Any CPU
		{26A69868-B64A-4ADE-A6AC-64CBF21AF633}.Release|Any CPU.ActiveCfg = Release|Any CPU
		{26A69868-B64A-4ADE-A6AC-64CBF21AF633}.Release|Any CPU.Build.0 = Release|Any CPU
		{48D251B4-8672-4C53-A0F0-8E24535C510F}.Debug|Any CPU.ActiveCfg = Debug|Any CPU
		{48D251B4-8672-4C53-A0F0-8E24535C510F}.Debug|Any CPU.Build.0 = Debug|Any CPU
		{48D251B4-8672-4C53-A0F0-8E24535C510F}.Release|Any CPU.ActiveCfg = Release|Any CPU
		{48D251B4-8672-4C53-A0F0-8E24535C510F}.Release|Any CPU.Build.0 = Release|Any CPU
		{8621F8BA-A5CC-4C2F-A02B-6ED8EB8CCED8}.Debug|Any CPU.ActiveCfg = Debug|Any CPU
		{8621F8BA-A5CC-4C2F-A02B-6ED8EB8CCED8}.Debug|Any CPU.Build.0 = Debug|Any CPU
		{8621F8BA-A5CC-4C2F-A02B-6ED8EB8CCED8}.Release|Any CPU.ActiveCfg = Release|Any CPU
		{8621F8BA-A5CC-4C2F-A02B-6ED8EB8CCED8}.Release|Any CPU.Build.0 = Release|Any CPU
	EndGlobalSection
EndGlobal
